dependencies:
  espressif/cjson:
    component_hash: 
      9372811fb197926f522c467627cf4a8e72b681e0366e17879631da801103aef3
    dependencies:
    - name: idf
      require: private
      version: '>=5.0'
    source:
      registry_url: https://components.espressif.com/
      type: service
    version: 1.7.19
  espressif/esp_new_jpeg:
    component_hash: 
      65aebeb8161e29bc53f650e52d24d2b6509f40f80528be0689f225c9b9003547
    dependencies: []
    source:
      registry_url: https://components.espressif.com/
      type: service
    targets:
    - esp32
    - esp32s2
    - esp32s3
    - esp32p4
    - esp32c2
    - esp32c3
    - esp32c5
    - esp32c6
    version: 0.5.0
  idf:
    source:
      type: idf
    version: 5.5.2
direct_dependencies:
- espressif/cjson
- espressif/esp_new_jpeg
- idf
manifest_hash: e356679c8bd9b4e96f8c1bfd62f0ce8f1245c8d086d0476bd70585064eeff787
target: esp32s3
version: 2.0.0
